
Microsoft Visual Studio Solution File, Format Version 12.00
# Visual Studio 14
VisualStudioVersion = 14.0.23107.0
MinimumVisualStudioVersion = 10.0.40219.1
Project("{888888A0-9F3D-457C-B088-3A5042F75D52}") = "Daily 200 Intermediate Python", "Daily 200 Intermediate Python\Daily 200 Intermediate Python.pyproj", "{6138A7C0-8B45-452C-B608-01580BB8C851}"
EndProject
Global
	GlobalSection(SolutionConfigurationPlatforms) = preSolution
		Debug|Any CPU = Debug|Any CPU
		Release|Any CPU = Release|Any CPU
	EndGlobalSection
	GlobalSection(ProjectConfigurationPlatforms) = postSolution
		{6138A7C0-8B45-452C-B608-01580BB8C851}.Debug|Any CPU.ActiveCfg = Debug|Any CPU
		{6138A7C0-8B45-452C-B608-01580BB8C851}.Release|Any CPU.ActiveCfg = Release|Any CPU
	EndGlobalSection
	GlobalSection(SolutionProperties) = preSolution
		HideSolutionNode = FALSE
	EndGlobalSection
EndGlobal
